version = 1
revision = 3
requires-python = ">=3.13"

[[package]]
name = "anyio"
version = "4.13.0"
source = { registry = "https://pypi.org/simple" }
dependencies = [
    { name = "idna" },
]
sdist = { url = "https://files.pythonhosted.org/packages/19/14/2c5dd9f512b66549ae92767a9c7b330ae88e1932ca57876909410251fe13/anyio-4.13.0.tar.gz", hash = "sha256:334b70e641fd2221c1505b3890c69882fe4a2df910cba14d97019b90b24439dc", size = 231622, upload-time = "2026-03-24T12:59:09.671Z" }
wheels = [
    { url = "https://files.pythonhosted.org/packages/da/42/e921fccf5015463e32a3cf6ee7f980a6ed0f395ceeaa45060b61d86486c2/anyio-4.13.0-py3-none-any.whl", hash = "sha256:08b310f9e24a9594186fd75b4f73f4a4152069e3853f1ed8bfbf58369f4ad708", size = 114353, upload-time = "2026-03-24T12:59:08.246Z" },
]

[[package]]
name = "certifi"
version = "2026.2.25"
source = { registry = "https://pypi.org/simple" }
sdist = { url = "https://files.pythonhosted.org/packages/af/2d/7bf41579a8986e348fa033a31cdd0e4121114f6bce2457e8876010b092dd/certifi-2026.2.25.tar.gz", hash = "sha256:e887ab5cee78ea814d3472169153c2d12cd43b14bd03329a39a9c6e2e80bfba7", size = 155029, upload-time = "2026-02-25T02:54:17.342Z" }
wheels = [
    { url = "https://files.pythonhosted.org/packages/9a/3c/c17fb3ca2d9c3acff52e30b309f538586f9f5b9c9cf454f3845fc9af4881/certifi-2026.2.25-py3-none-any.whl", hash = "sha256:027692e4402ad994f1c42e52a4997a9763c646b73e4096e4d5d6db8af1d6f0fa", size = 153684, upload-time = "2026-02-25T02:54:15.766Z" },
]

[[package]]
name = "colorama"
version = "0.4.6"
source = { registry = "https://pypi.org/simple" }
sdist = { url = "https://files.pythonhosted.org/packages/d8/53/6f443c9a4a8358a93a6792e2acffb9d9d5cb0a5cfd8802644b7b1c9a02e4/colorama-0.4.6.tar.gz", hash = "sha256:08695f5cb7ed6e0531a20572697297273c47b8cae5a63ffc6d6ed5c201be6e44", size = 27697, upload-time = "2022-10-25T02:36:22.414Z" }
wheels = [
    { url = "https://files.pythonhosted.org/packages/d1/d6/3965ed04c63042e047cb6a3e6ed1a63a35087b6a609aa3a15ed8ac56c221/colorama-0.4.6-py2.py3-none-any.whl", hash = "sha256:4f1d9991f5acc0ca119f9d443620b77f9d6b33703e51011c16baf57afb285fc6", size = 25335, upload-time = "2022-10-25T02:36:20.889Z" },
]

[[package]]
name = "coverage"
version = "7.13.5"
source = { registry = "https://pypi.org/simple" }
sdist = { url = "https://files.pythonhosted.org/packages/9d/e0/70553e3000e345daff267cec284ce4cbf3fc141b6da229ac52775b5428f1/coverage-7.13.5.tar.gz", hash = "sha256:c81f6515c4c40141f83f502b07bbfa5c240ba25bbe73da7b33f1e5b6120ff179", size = 915967, upload-time = "2026-03-17T10:33:18.341Z" }
wheels = [
    { url = "https://files.pythonhosted.org/packages/74/8c/74fedc9663dcf168b0a059d4ea756ecae4da77a489048f94b5f512a8d0b3/coverage-7.13.5-cp313-cp313-macosx_10_13_x86_64.whl", hash = "sha256:5ec4af212df513e399cf11610cc27063f1586419e814755ab362e50a85ea69c1", size = 219576, upload-time = "2026-03-17T10:31:09.045Z" },
    { url = "https://files.pythonhosted.org/packages/0c/c9/44fb661c55062f0818a6ffd2685c67aa30816200d5f2817543717d4b92eb/coverage-7.13.5-cp313-cp313-macosx_11_0_arm64.whl", hash = "sha256:941617e518602e2d64942c88ec8499f7fbd49d3f6c4327d3a71d43a1973032f3", size = 219942, upload-time = "2026-03-17T10:31:10.708Z" },
    { url = "https://files.pythonhosted.org/packages/5f/13/93419671cee82b780bab7ea96b67c8ef448f5f295f36bf5031154ec9a790/coverage-7.13.5-cp313-cp313-manylinux1_i686.manylinux_2_28_i686.manylinux_2_5_i686.whl", hash = "sha256:da305e9937617ee95c2e39d8ff9f040e0487cbf1ac174f777ed5eddd7a7c1f26", size = 250935, upload-time = "2026-03-17T10:31:12.392Z" },
    { url = "https://files.pythonhosted.org/packages/ac/68/1666e3a4462f8202d836920114fa7a5ee9275d1fa45366d336c551a162dd/coverage-7.13.5-cp313-cp313-manylinux1_x86_64.manylinux_2_28_x86_64.manylinux_2_5_x86_64.whl", hash = "sha256:78e696e1cc714e57e8b25760b33a8b1026b7048d270140d25dafe1b0a1ee05a3", size = 253541, upload-time = "2026-03-17T10:31:14.247Z" },
    { url = "https://files.pythonhosted.org/packages/4e/5e/3ee3b835647be646dcf3c65a7c6c18f87c27326a858f72ab22c12730773d/coverage-7.13.5-cp313-cp313-manylinux2014_aarch64.manylinux_2_17_aarch64.manylinux_2_28_aarch64.whl", hash = "sha256:02ca0eed225b2ff301c474aeeeae27d26e2537942aa0f87491d3e147e784a82b", size = 254780, upload-time = "2026-03-17T10:31:16.193Z" },
    { url = "https://files.pythonhosted.org/packages/44/b3/cb5bd1a04cfcc49ede6cd8409d80bee17661167686741e041abc7ee1b9a9/coverage-7.13.5-cp313-cp313-manylinux2014_ppc64le.manylinux_2_17_ppc64le.manylinux_2_28_ppc64le.whl", hash = "sha256:04690832cbea4e4663d9149e05dba142546ca05cb1848816760e7f58285c970a", size = 256912, upload-time = "2026-03-17T10:31:17.89Z" },
    { url = "https://files.pythonhosted.org/packages/1b/66/c1dceb7b9714473800b075f5c8a84f4588f887a90eb8645282031676e242/coverage-7.13.5-cp313-cp313-manylinux_2_31_riscv64.manylinux_2_39_riscv64.whl", hash = "sha256:0590e44dd2745c696a778f7bab6aa95256de2cbc8b8cff4f7db8ff09813d6969", size = 251165, upload-time = "2026-03-17T10:31:19.605Z" },
    { url = "https://files.pythonhosted.org/packages/b7/62/5502b73b97aa2e53ea22a39cf8649ff44827bef76d90bf638777daa27a9d/coverage-7.13.5-cp313-cp313-musllinux_1_2_aarch64.whl", hash = "sha256:d7cfad2d6d81dd298ab6b89fe72c3b7b05ec7544bdda3b707ddaecff8d25c161", size = 252908, upload-time = "2026-03-17T10:31:21.312Z" },
    { url = "https://files.pythonhosted.org/packages/7d/37/7792c2d69854397ca77a55c4646e5897c467928b0e27f2d235d83b5d08c6/coverage-7.13.5-cp313-cp313-musllinux_1_2_i686.whl", hash = "sha256:e092b9499de38ae0fbfbc603a74660eb6ff3e869e507b50d85a13b6db9863e15", size = 250873, upload-time = "2026-03-17T10:31:23.565Z" },
    { url = "https://files.pythonhosted.org/packages/a3/23/bc866fb6163be52a8a9e5d708ba0d3b1283c12158cefca0a8bbb6e247a43/coverage-7.13.5-cp313-cp313-musllinux_1_2_ppc64le.whl", hash = "sha256:48c39bc4a04d983a54a705a6389512883d4a3b9862991b3617d547940e9f52b1", size = 255030, upload-time = "2026-03-17T10:31:25.58Z" },
    { url = "https://files.pythonhosted.org/packages/7d/8b/ef67e1c222ef49860701d346b8bbb70881bef283bd5f6cbba68a39a086c7/coverage-7.13.5-cp313-cp313-musllinux_1_2_riscv64.whl", hash = "sha256:2d3807015f138ffea1ed9afeeb8624fd781703f2858b62a8dd8da5a0994c57b6", size = 250694, upload-time = "2026-03-17T10:31:27.316Z" },
    { url = "https://files.pythonhosted.org/packages/46/0d/866d1f74f0acddbb906db212e096dee77a8e2158ca5e6bb44729f9d93298/coverage-7.13.5-cp313-cp313-musllinux_1_2_x86_64.whl", hash = "sha256:ee2aa19e03161671ec964004fb74b2257805d9710bf14a5c704558b9d8dbaf17", size = 252469, upload-time = "2026-03-17T10:31:29.472Z" },
    { url = "https://files.pythonhosted.org/packages/7a/f5/be742fec31118f02ce42b21c6af187ad6a344fed546b56ca60caacc6a9a0/coverage-7.13.5-cp313-cp313-win32.whl", hash = "sha256:ce1998c0483007608c8382f4ff50164bfc5bd07a2246dd272aa4043b75e61e85", size = 222112, upload-time = "2026-03-17T10:31:31.526Z" },
    { url = "https://files.pythonhosted.org/packages/66/40/7732d648ab9d069a46e686043241f01206348e2bbf128daea85be4d6414b/coverage-7.13.5-cp313-cp313-win_amd64.whl", hash = "sha256:631efb83f01569670a5e866ceb80fe483e7c159fac6f167e6571522636104a0b", size = 222923, upload-time = "2026-03-17T10:31:33.633Z" },
    { url = "https://files.pythonhosted.org/packages/48/af/fea819c12a095781f6ccd504890aaddaf88b8fab263c4940e82c7b770124/coverage-7.13.5-cp313-cp313-win_arm64.whl", hash = "sha256:f4cd16206ad171cbc2470dbea9103cf9a7607d5fe8c242fdf1edf36174020664", size = 221540, upload-time = "2026-03-17T10:31:35.445Z" },
    { url = "https://files.pythonhosted.org/packages/23/d2/17879af479df7fbbd44bd528a31692a48f6b25055d16482fdf5cdb633805/coverage-7.13.5-cp313-cp313t-macosx_10_13_x86_64.whl", hash = "sha256:0428cbef5783ad91fe240f673cc1f76b25e74bbfe1a13115e4aa30d3f538162d", size = 220262, upload-time = "2026-03-17T10:31:37.184Z" },
    { url = "https://files.pythonhosted.org/packages/5b/4c/d20e554f988c8f91d6a02c5118f9abbbf73a8768a3048cb4962230d5743f/coverage-7.13.5-cp313-cp313t-macosx_11_0_arm64.whl", hash = "sha256:e0b216a19534b2427cc201a26c25da4a48633f29a487c61258643e89d28200c0", size = 220617, upload-time = "2026-03-17T10:31:39.245Z" },
    { url = "https://files.pythonhosted.org/packages/29/9c/f9f5277b95184f764b24e7231e166dfdb5780a46d408a2ac665969416d61/coverage-7.13.5-cp313-cp313t-manylinux1_i686.manylinux_2_28_i686.manylinux_2_5_i686.whl", hash = "sha256:972a9cd27894afe4bc2b1480107054e062df08e671df7c2f18c205e805ccd806", size = 261912, upload-time = "2026-03-17T10:31:41.324Z" },
    { url = "https://files.pythonhosted.org/packages/d5/f6/7f1ab39393eeb50cfe4747ae8ef0e4fc564b989225aa1152e13a180d74f8/coverage-7.13.5-cp313-cp313t-manylinux1_x86_64.manylinux_2_28_x86_64.manylinux_2_5_x86_64.whl", hash = "sha256:4b59148601efcd2bac8c4dbf1f0ad6391693ccf7a74b8205781751637076aee3", size = 263987, upload-time = "2026-03-17T10:31:43.724Z" },
    { url = "https://files.pythonhosted.org/packages/a0/d7/62c084fb489ed9c6fbdf57e006752e7c516ea46fd690e5ed8b8617c7d52e/coverage-7.13.5-cp313-cp313t-manylinux2014_aarch64.manylinux_2_17_aarch64.manylinux_2_28_aarch64.whl", hash = "sha256:505d7083c8b0c87a8fa8c07370c285847c1f77739b22e299ad75a6af6c32c5c9", size = 266416, upload-time = "2026-03-17T10:31:45.769Z" },
    { url = "https://files.pythonhosted.org/packages/a9/f6/df63d8660e1a0bff6125947afda112a0502736f470d62ca68b288ea762d8/coverage-7.13.5-cp313-cp313t-manylinux2014_ppc64le.manylinux_2_17_ppc64le.manylinux_2_28_ppc64le.whl", hash = "sha256:60365289c3741e4db327e7baff2a4aaacf22f788e80fa4683393891b70a89fbd", size = 267558, upload-time = "2026-03-17T10:31:48.293Z" },
    { url = "https://files.pythonhosted.org/packages/5b/02/353ca81d36779bd108f6d384425f7139ac3c58c750dcfaafe5d0bee6436b/coverage-7.13.5-cp313-cp313t-manylinux_2_31_riscv64.manylinux_2_39_riscv64.whl", hash = "sha256:1b88c69c8ef5d4b6fe7dea66d6636056a0f6a7527c440e890cf9259011f5e606", size = 261163, upload-time = "2026-03-17T10:31:50.125Z" },
    { url = "https://files.pythonhosted.org/packages/2c/16/2e79106d5749bcaf3aee6d309123548e3276517cd7851faa8da213bc61bf/coverage-7.13.5-cp313-cp313t-musllinux_1_2_aarch64.whl", hash = "sha256:5b13955d31d1633cf9376908089b7cebe7d15ddad7aeaabcbe969a595a97e95e", size = 263981, upload-time = "2026-03-17T10:31:51.961Z" },
    { url = "https://files.pythonhosted.org/packages/29/c7/c29e0c59ffa6942030ae6f50b88ae49988e7e8da06de7ecdbf49c6d4feae/coverage-7.13.5-cp313-cp313t-musllinux_1_2_i686.whl", hash = "sha256:f70c9ab2595c56f81a89620e22899eea8b212a4041bd728ac6f4a28bf5d3ddd0", size = 261604, upload-time = "2026-03-17T10:31:53.872Z" },
    { url = "https://files.pythonhosted.org/packages/40/48/097cdc3db342f34006a308ab41c3a7c11c3f0d84750d340f45d88a782e00/coverage-7.13.5-cp313-cp313t-musllinux_1_2_ppc64le.whl", hash = "sha256:084b84a8c63e8d6fc7e3931b316a9bcafca1458d753c539db82d31ed20091a87", size = 265321, upload-time = "2026-03-17T10:31:55.997Z" },
    { url = "https://files.pythonhosted.org/packages/bb/1f/4994af354689e14fd03a75f8ec85a9a68d94e0188bbdab3fc1516b55e512/coverage-7.13.5-cp313-cp313t-musllinux_1_2_riscv64.whl", hash = "sha256:ad14385487393e386e2ea988b09d62dd42c397662ac2dabc3832d71253eee479", size = 260502, upload-time = "2026-03-17T10:31:58.308Z" },
    { url = "https://files.pythonhosted.org/packages/22/c6/9bb9ef55903e628033560885f5c31aa227e46878118b63ab15dc7ba87797/coverage-7.13.5-cp313-cp313t-musllinux_1_2_x86_64.whl", hash = "sha256:7f2c47b36fe7709a6e83bfadf4eefb90bd25fbe4014d715224c4316f808e59a2", size = 262688, upload-time = "2026-03-17T10:32:00.141Z" },
    { url = "https://files.pythonhosted.org/packages/14/4f/f5df9007e50b15e53e01edea486814783a7f019893733d9e4d6caad75557/coverage-7.13.5-cp313-cp313t-win32.whl", hash = "sha256:67e9bc5449801fad0e5dff329499fb090ba4c5800b86805c80617b4e29809b2a", size = 222788, upload-time = "2026-03-17T10:32:02.246Z" },
    { url = "https://files.pythonhosted.org/packages/e1/98/aa7fccaa97d0f3192bec013c4e6fd6d294a6ed44b640e6bb61f479e00ed5/coverage-7.13.5-cp313-cp313t-win_amd64.whl", hash = "sha256:da86cdcf10d2519e10cabb8ac2de03da1bcb6e4853790b7fbd48523332e3a819", size = 223851, upload-time = "2026-03-17T10:32:04.416Z" },
    { url = "https://files.pythonhosted.org/packages/3d/8b/e5c469f7352651e5f013198e9e21f97510b23de957dd06a84071683b4b60/coverage-7.13.5-cp313-cp313t-win_arm64.whl", hash = "sha256:0ecf12ecb326fe2c339d93fc131816f3a7367d223db37817208905c89bded911", size = 222104, upload-time = "2026-03-17T10:32:06.65Z" },
    { url = "https://files.pythonhosted.org/packages/8e/77/39703f0d1d4b478bfd30191d3c14f53caf596fac00efb3f8f6ee23646439/coverage-7.13.5-cp314-cp314-macosx_10_15_x86_64.whl", hash = "sha256:fbabfaceaeb587e16f7008f7795cd80d20ec548dc7f94fbb0d4ec2e038ce563f", size = 219621, upload-time = "2026-03-17T10:32:08.589Z" },
    { url = "https://files.pythonhosted.org/packages/e2/3e/51dff36d99ae14639a133d9b164d63e628532e2974d8b1edb99dd1ebc733/coverage-7.13.5-cp314-cp314-macosx_11_0_arm64.whl", hash = "sha256:9bb2a28101a443669a423b665939381084412b81c3f8c0fcfbac57f4e30b5b8e", size = 219953, upload-time = "2026-03-17T10:32:10.507Z" },
    { url = "https://files.pythonhosted.org/packages/6a/6c/1f1917b01eb647c2f2adc9962bd66c79eb978951cab61bdc1acab3290c07/coverage-7.13.5-cp314-cp314-manylinux1_i686.manylinux_2_28_i686.manylinux_2_5_i686.whl", hash = "sha256:bd3a2fbc1c6cccb3c5106140d87cc6a8715110373ef42b63cf5aea29df8c217a", size = 250992, upload-time = "2026-03-17T10:32:12.41Z" },
    { url = "https://files.pythonhosted.org/packages/22/e5/06b1f88f42a5a99df42ce61208bdec3bddb3d261412874280a19796fc09c/coverage-7.13.5-cp314-cp314-manylinux1_x86_64.manylinux_2_28_x86_64.manylinux_2_5_x86_64.whl", hash = "sha256:6c36ddb64ed9d7e496028d1d00dfec3e428e0aabf4006583bb1839958d280510", size = 253503, upload-time = "2026-03-17T10:32:14.449Z" },
    { url = "https://files.pythonhosted.org/packages/80/28/2a148a51e5907e504fa7b85490277734e6771d8844ebcc48764a15e28155/coverage-7.13.5-cp314-cp314-manylinux2014_aarch64.manylinux_2_17_aarch64.manylinux_2_28_aarch64.whl", hash = "sha256:380e8e9084d8eb38db3a9176a1a4f3c0082c3806fa0dc882d1d87abc3c789247", size = 254852, upload-time = "2026-03-17T10:32:16.56Z" },
    { url = "https://files.pythonhosted.org/packages/61/77/50e8d3d85cc0b7ebe09f30f151d670e302c7ff4a1bf6243f71dd8b0981fa/coverage-7.13.5-cp314-cp314-manylinux2014_ppc64le.manylinux_2_17_ppc64le.manylinux_2_28_ppc64le.whl", hash = "sha256:e808af52a0513762df4d945ea164a24b37f2f518cbe97e03deaa0ee66139b4d6", size = 257161, upload-time = "2026-03-17T10:32:19.004Z" },
    { url = "https://files.pythonhosted.org/packages/3b/c4/b5fd1d4b7bf8d0e75d997afd3925c59ba629fc8616f1b3aae7605132e256/coverage-7.13.5-cp314-cp314-manylinux_2_31_riscv64.manylinux_2_39_riscv64.whl", hash = "sha256:e301d30dd7e95ae068671d746ba8c34e945a82682e62918e41b2679acd2051a0", size = 251021, upload-time = "2026-03-17T10:32:21.344Z" },
    { url = "https://files.pythonhosted.org/packages/f8/66/6ea21f910e92d69ef0b1c3346ea5922a51bad4446c9126db2ae96ee24c4c/coverage-7.13.5-cp314-cp314-musllinux_1_2_aarch64.whl", hash = "sha256:800bc829053c80d240a687ceeb927a94fd108bbdc68dfbe505d0d75ab578a882", size = 252858, upload-time = "2026-03-17T10:32:23.506Z" },
    { url = "https://files.pythonhosted.org/packages/9e/ea/879c83cb5d61aa2a35fb80e72715e92672daef8191b84911a643f533840c/coverage-7.13.5-cp314-cp314-musllinux_1_2_i686.whl", hash = "sha256:0b67af5492adb31940ee418a5a655c28e48165da5afab8c7fa6fd72a142f8740", size = 250823, upload-time = "2026-03-17T10:32:25.516Z" },
    { url = "https://files.pythonhosted.org/packages/8a/fb/616d95d3adb88b9803b275580bdeee8bd1b69a886d057652521f83d7322f/coverage-7.13.5-cp314-cp314-musllinux_1_2_ppc64le.whl", hash = "sha256:c9136ff29c3a91e25b1d1552b5308e53a1e0653a23e53b6366d7c2dcbbaf8a16", size = 255099, upload-time = "2026-03-17T10:32:27.944Z" },
    { url = "https://files.pythonhosted.org/packages/1c/93/25e6917c90ec1c9a56b0b26f6cad6408e5f13bb6b35d484a0d75c9cf000d/coverage-7.13.5-cp314-cp314-musllinux_1_2_riscv64.whl", hash = "sha256:cff784eef7f0b8f6cb28804fbddcfa99f89efe4cc35fb5627e3ac58f91ed3ac0", size = 250638, upload-time = "2026-03-17T10:32:29.914Z" },
    { url = "https://files.pythonhosted.org/packages/fc/7b/dc1776b0464145a929deed214aef9fb1493f159b59ff3c7eeeedf91eddd0/coverage-7.13.5-cp314-cp314-musllinux_1_2_x86_64.whl", hash = "sha256:68a4953be99b17ac3c23b6efbc8a38330d99680c9458927491d18700ef23ded0", size = 252295, upload-time = "2026-03-17T10:32:31.981Z" },
    { url = "https://files.pythonhosted.org/packages/ea/fb/99cbbc56a26e07762a2740713f3c8f9f3f3106e3a3dd8cc4474954bccd34/coverage-7.13.5-cp314-cp314-win32.whl", hash = "sha256:35a31f2b1578185fbe6aa2e74cea1b1d0bbf4c552774247d9160d29b80ed56cc", size = 222360, upload-time = "2026-03-17T10:32:34.233Z" },
    { url = "https://files.pythonhosted.org/packages/8d/b7/4758d4f73fb536347cc5e4ad63662f9d60ba9118cb6785e9616b2ce5d7fa/coverage-7.13.5-cp314-cp314-win_amd64.whl", hash = "sha256:2aa055ae1857258f9e0045be26a6d62bdb47a72448b62d7b55f4820f361a2633", size = 223174, upload-time = "2026-03-17T10:32:36.369Z" },
    { url = "https://files.pythonhosted.org/packages/2c/f2/24d84e1dfe70f8ac9fdf30d338239860d0d1d5da0bda528959d0ebc9da28/coverage-7.13.5-cp314-cp314-win_arm64.whl", hash = "sha256:1b11eef33edeae9d142f9b4358edb76273b3bfd30bc3df9a4f95d0e49caf94e8", size = 221739, upload-time = "2026-03-17T10:32:38.736Z" },
    { url = "https://files.pythonhosted.org/packages/60/5b/4a168591057b3668c2428bff25dd3ebc21b629d666d90bcdfa0217940e84/coverage-7.13.5-cp314-cp314t-macosx_10_15_x86_64.whl", hash = "sha256:10a0c37f0b646eaff7cce1874c31d1f1ccb297688d4c747291f4f4c70741cc8b", size = 220351, upload-time = "2026-03-17T10:32:41.196Z" },
    { url = "https://files.pythonhosted.org/packages/f5/21/1fd5c4dbfe4a58b6b99649125635df46decdfd4a784c3cd6d410d303e370/coverage-7.13.5-cp314-cp314t-macosx_11_0_arm64.whl", hash = "sha256:b5db73ba3c41c7008037fa731ad5459fc3944cb7452fc0aa9f822ad3533c583c", size = 220612, upload-time = "2026-03-17T10:32:43.204Z" },
    { url = "https://files.pythonhosted.org/packages/d6/fe/2a924b3055a5e7e4512655a9d4609781b0d62334fa0140c3e742926834e2/coverage-7.13.5-cp314-cp314t-manylinux1_i686.manylinux_2_28_i686.manylinux_2_5_i686.whl", hash = "sha256:750db93a81e3e5a9831b534be7b1229df848b2e125a604fe6651e48aa070e5f9", size = 261985, upload-time = "2026-03-17T10:32:45.514Z" },
    { url = "https://files.pythonhosted.org/packages/d7/0d/c8928f2bd518c45990fe1a2ab8db42e914ef9b726c975facc4282578c3eb/coverage-7.13.5-cp314-cp314t-manylinux1_x86_64.manylinux_2_28_x86_64.manylinux_2_5_x86_64.whl", hash = "sha256:9ddb4f4a5479f2539644be484da179b653273bca1a323947d48ab107b3ed1f29", size = 264107, upload-time = "2026-03-17T10:32:47.971Z" },
    { url = "https://files.pythonhosted.org/packages/ef/ae/4ae35bbd9a0af9d820362751f0766582833c211224b38665c0f8de3d487f/coverage-7.13.5-cp314-cp314t-manylinux2014_aarch64.manylinux_2_17_aarch64.manylinux_2_28_aarch64.whl", hash = "sha256:d8a7a2049c14f413163e2bdabd37e41179b1d1ccb10ffc6ccc4b7a718429c607", size = 266513, upload-time = "2026-03-17T10:32:50.1Z" },
    { url = "https://files.pythonhosted.org/packages/9c/20/d326174c55af36f74eac6ae781612d9492f060ce8244b570bb9d50d9d609/coverage-7.13.5-cp314-cp314t-manylinux2014_ppc64le.manylinux_2_17_ppc64le.manylinux_2_28_ppc64le.whl", hash = "sha256:e1c85e0b6c05c592ea6d8768a66a254bfb3874b53774b12d4c89c481eb78cb90", size = 267650, upload-time = "2026-03-17T10:32:52.391Z" },
    { url = "https://files.pythonhosted.org/packages/7a/5e/31484d62cbd0eabd3412e30d74386ece4a0837d4f6c3040a653878bfc019/coverage-7.13.5-cp314-cp314t-manylinux_2_31_riscv64.manylinux_2_39_riscv64.whl", hash = "sha256:777c4d1eff1b67876139d24288aaf1817f6c03d6bae9c5cc8d27b83bcfe38fe3", size = 261089, upload-time = "2026-03-17T10:32:54.544Z" },
    { url = "https://files.pythonhosted.org/packages/e9/d8/49a72d6de146eebb0b7e48cc0f4bc2c0dd858e3d4790ab2b39a2872b62bd/coverage-7.13.5-cp314-cp314t-musllinux_1_2_aarch64.whl", hash = "sha256:6697e29b93707167687543480a40f0db8f356e86d9f67ddf2e37e2dfd91a9dab", size = 263982, upload-time = "2026-03-17T10:32:56.803Z" },
    { url = "https://files.pythonhosted.org/packages/06/3b/0351f1bd566e6e4dd39e978efe7958bde1d32f879e85589de147654f57bb/coverage-7.13.5-cp314-cp314t-musllinux_1_2_i686.whl", hash = "sha256:8fdf453a942c3e4d99bd80088141c4c6960bb232c409d9c3558e2dbaa3998562", size = 261579, upload-time = "2026-03-17T10:32:59.466Z" },
    { url = "https://files.pythonhosted.org/packages/5d/ce/796a2a2f4017f554d7810f5c573449b35b1e46788424a548d4d19201b222/coverage-7.13.5-cp314-cp314t-musllinux_1_2_ppc64le.whl", hash = "sha256:32ca0c0114c9834a43f045a87dcebd69d108d8ffb666957ea65aa132f50332e2", size = 265316, upload-time = "2026-03-17T10:33:01.847Z" },
    { url = "https://files.pythonhosted.org/packages/3d/16/d5ae91455541d1a78bc90abf495be600588aff8f6db5c8b0dae739fa39c9/coverage-7.13.5-cp314-cp314t-musllinux_1_2_riscv64.whl", hash = "sha256:8769751c10f339021e2638cd354e13adeac54004d1941119b2c96fe5276d45ea", size = 260427, upload-time = "2026-03-17T10:33:03.945Z" },
    { url = "https://files.pythonhosted.org/packages/48/11/07f413dba62db21fb3fad5d0de013a50e073cc4e2dc4306e770360f6dfc8/coverage-7.13.5-cp314-cp314t-musllinux_1_2_x86_64.whl", hash = "sha256:cec2d83125531bd153175354055cdb7a09987af08a9430bd173c937c6d0fba2a", size = 262745, upload-time = "2026-03-17T10:33:06.285Z" },
    { url = "https://files.pythonhosted.org/packages/91/15/d792371332eb4663115becf4bad47e047d16234b1aff687b1b18c58d60ae/coverage-7.13.5-cp314-cp314t-win32.whl", hash = "sha256:0cd9ed7a8b181775459296e402ca4fb27db1279740a24e93b3b41942ebe4b215", size = 223146, upload-time = "2026-03-17T10:33:08.756Z" },
    { url = "https://files.pythonhosted.org/packages/db/51/37221f59a111dca5e85be7dbf09696323b5b9f13ff65e0641d535ed06ea8/coverage-7.13.5-cp314-cp314t-win_amd64.whl", hash = "sha256:301e3b7dfefecaca37c9f1aa6f0049b7d4ab8dd933742b607765d757aca77d43", size = 224254, upload-time = "2026-03-17T10:33:11.174Z" },
    { url = "https://files.pythonhosted.org/packages/54/83/6acacc889de8987441aa7d5adfbdbf33d288dad28704a67e574f1df9bcbb/coverage-7.13.5-cp314-cp314t-win_arm64.whl", hash = "sha256:9dacc2ad679b292709e0f5fc1ac74a6d4d5562e424058962c7bb0c658ad25e45", size = 222276, upload-time = "2026-03-17T10:33:13.466Z" },
    { url = "https://files.pythonhosted.org/packages/9e/ee/a4cf96b8ce1e566ed238f0659ac2d3f007ed1d14b181bcb684e19561a69a/coverage-7.13.5-py3-none-any.whl", hash = "sha256:34b02417cf070e173989b3db962f7ed56d2f644307b2cf9d5a0f258e13084a61", size = 211346, upload-time = "2026-03-17T10:33:15.691Z" },
]

[[package]]
name = "firipy"
version = "1.0.0"
source = { editable = "." }
dependencies = [
    { name = "httpx" },
]

[package.dev-dependencies]
dev = [
    { name = "pytest" },
    { name = "pytest-asyncio" },
    { name = "pytest-cov" },
    { name = "respx" },
    { name = "ruff" },
    { name = "ty" },
]

[package.metadata]
requires-dist = [{ name = "httpx", specifier = ">=0.28,<1" }]

[package.metadata.requires-dev]
dev = [
    { name = "pytest", specifier = ">=8" },
    { name = "pytest-asyncio", specifier = ">=0.25" },
    { name = "pytest-cov", specifier = ">=6" },
    { name = "respx", specifier = ">=0.22" },
    { name = "ruff", specifier = ">=0.11" },
    { name = "ty", specifier = ">=0.0.1a7" },
]

[[package]]
name = "h11"
version = "0.16.0"
source = { registry = "https://pypi.org/simple" }
sdist = { url = "https://files.pythonhosted.org/packages/01/ee/02a2c011bdab74c6fb3c75474d40b3052059d95df7e73351460c8588d963/h11-0.16.0.tar.gz", hash = "sha256:4e35b956cf45792e4caa5885e69fba00bdbc6ffafbfa020300e549b208ee5ff1", size = 101250, upload-time = "2025-04-24T03:35:25.427Z" }
wheels = [
    { url = "https://files.pythonhosted.org/packages/04/4b/29cac41a4d98d144bf5f6d33995617b185d14b22401f75ca86f384e87ff1/h11-0.16.0-py3-none-any.whl", hash = "sha256:63cf8bbe7522de3bf65932fda1d9c2772064ffb3dae62d55932da54b31cb6c86", size = 37515, upload-time = "2025-04-24T03:35:24.344Z" },
]

[[package]]
name = "httpcore"
version = "1.0.9"
source = { registry = "https://pypi.org/simple" }
dependencies = [
    { name = "certifi" },
    { name = "h11" },
]
sdist = { url = "https://files.pythonhosted.org/packages/06/94/82699a10bca87a5556c9c59b5963f2d039dbd239f25bc2a63907a05a14cb/httpcore-1.0.9.tar.gz", hash = "sha256:6e34463af53fd2ab5d807f399a9b45ea31c3dfa2276f15a2c3f00afff6e176e8", size = 85484, upload-time = "2025-04-24T22:06:22.219Z" }
wheels = [
    { url = "https://files.pythonhosted.org/packages/7e/f5/f66802a942d491edb555dd61e3a9961140fd64c90bce1eafd741609d334d/httpcore-1.0.9-py3-none-any.whl", hash = "sha256:2d400746a40668fc9dec9810239072b40b4484b640a8c38fd654a024c7a1bf55", size = 78784, upload-time = "2025-04-24T22:06:20.566Z" },
]

[[package]]
name = "httpx"
version = "0.28.1"
source = { registry = "https://pypi.org/simple" }
dependencies = [
    { name = "anyio" },
    { name = "certifi" },
    { name = "httpcore" },
    { name = "idna" },
]
sdist = { url = "https://files.pythonhosted.org/packages/b1/df/48c586a5fe32a0f01324ee087459e112ebb7224f646c0b5023f5e79e9956/httpx-0.28.1.tar.gz", hash = "sha256:75e98c5f16b0f35b567856f597f06ff2270a374470a5c2392242528e3e3e42fc", size = 141406, upload-time = "2024-12-06T15:37:23.222Z" }
wheels = [
    { url = "https://files.pythonhosted.org/packages/2a/39/e50c7c3a983047577ee07d2a9e53faf5a69493943ec3f6a384bdc792deb2/httpx-0.28.1-py3-none-any.whl", hash = "sha256:d909fcccc110f8c7faf814ca82a9a4d816bc5a6dbfea25d6591d6985b8ba59ad", size = 73517, upload-time = "2024-12-06T15:37:21.509Z" },
]

[[package]]
name = "idna"
version = "3.11"
source = { registry = "https://pypi.org/simple" }
sdist = { url = "https://files.pythonhosted.org/packages/6f/6d/0703ccc57f3a7233505399edb88de3cbd678da106337b9fcde432b65ed60/idna-3.11.tar.gz", hash = "sha256:795dafcc9c04ed0c1fb032c2aa73654d8e8c5023a7df64a53f39190ada629902", size = 194582, upload-time = "2025-10-12T14:55:20.501Z" }
wheels = [
    { url = "https://files.pythonhosted.org/packages/0e/61/66938bbb5fc52dbdf84594873d5b51fb1f7c7794e9c0f5bd885f30bc507b/idna-3.11-py3-none-any.whl", hash = "sha256:771a87f49d9defaf64091e6e6fe9c18d4833f140bd19464795bc32d966ca37ea", size = 71008, upload-time = "2025-10-12T14:55:18.883Z" },
]

[[package]]
name = "iniconfig"
version = "2.3.0"
source = { registry = "https://pypi.org/simple" }
sdist = { url = "https://files.pythonhosted.org/packages/72/34/14ca021ce8e5dfedc35312d08ba8bf51fdd999c576889fc2c24cb97f4f10/iniconfig-2.3.0.tar.gz", hash = "sha256:c76315c77db068650d49c5b56314774a7804df16fee4402c1f19d6d15d8c4730", size = 20503, upload-time = "2025-10-18T21:55:43.219Z" }
wheels = [
    { url = "https://files.pythonhosted.org/packages/cb/b1/3846dd7f199d53cb17f49cba7e651e9ce294d8497c8c150530ed11865bb8/iniconfig-2.3.0-py3-none-any.whl", hash = "sha256:f631c04d2c48c52b84d0d0549c99ff3859c98df65b3101406327ecc7d53fbf12", size = 7484, upload-time = "2025-10-18T21:55:41.639Z" },
]

[[package]]
name = "packaging"
version = "26.0"
source = { registry = "https://pypi.org/simple" }
sdist = { url = "https://files.pythonhosted.org/packages/65/ee/299d360cdc32edc7d2cf530f3accf79c4fca01e96ffc950d8a52213bd8e4/packaging-26.0.tar.gz", hash = "sha256:00243ae351a257117b6a241061796684b084ed1c516a08c48a3f7e147a9d80b4", size = 143416, upload-time = "2026-01-21T20:50:39.064Z" }
wheels = [
    { url = "https://files.pythonhosted.org/packages/b7/b9/c538f279a4e237a006a2c98387d081e9eb060d203d8ed34467cc0f0b9b53/packaging-26.0-py3-none-any.whl", hash = "sha256:b36f1fef9334a5588b4166f8bcd26a14e521f2b55e6b9de3aaa80d3ff7a37529", size = 74366, upload-time = "2026-01-21T20:50:37.788Z" },
]

[[package]]
name = "pluggy"
version = "1.6.0"
source = { registry = "https://pypi.org/simple" }
sdist = { url = "https://files.pythonhosted.org/packages/f9/e2/3e91f31a7d2b083fe6ef3fa267035b518369d9511ffab804f839851d2779/pluggy-1.6.0.tar.gz", hash = "sha256:7dcc130b76258d33b90f61b658791dede3486c3e6bfb003ee5c9bfb396dd22f3", size = 69412, upload-time = "2025-05-15T12:30:07.975Z" }
wheels = [
    { url = "https://files.pythonhosted.org/packages/54/20/4d324d65cc6d9205fabedc306948156824eb9f0ee1633355a8f7ec5c66bf/pluggy-1.6.0-py3-none-any.whl", hash = "sha256:e920276dd6813095e9377c0bc5566d94c932c33b27a3e3945d8389c374dd4746", size = 20538, upload-time = "2025-05-15T12:30:06.134Z" },
]

[[package]]
name = "pygments"
version = "2.20.0"
source = { registry = "https://pypi.org/simple" }
sdist = { url = "https://files.pythonhosted.org/packages/c3/b2/bc9c9196916376152d655522fdcebac55e66de6603a76a02bca1b6414f6c/pygments-2.20.0.tar.gz", hash = "sha256:6757cd03768053ff99f3039c1a36d6c0aa0b263438fcab17520b30a303a82b5f", size = 4955991, upload-time = "2026-03-29T13:29:33.898Z" }
wheels = [
    { url = "https://files.pythonhosted.org/packages/f4/7e/a72dd26f3b0f4f2bf1dd8923c85f7ceb43172af56d63c7383eb62b332364/pygments-2.20.0-py3-none-any.whl", hash = "sha256:81a9e26dd42fd28a23a2d169d86d7ac03b46e2f8b59ed4698fb4785f946d0176", size = 1231151, upload-time = "2026-03-29T13:29:30.038Z" },
]

[[package]]
name = "pytest"
version = "9.0.2"
source = { registry = "https://pypi.org/simple" }
dependencies = [
    { name = "colorama", marker = "sys_platform == 'win32'" },
    { name = "iniconfig" },
    { name = "packaging" },
    { name = "pluggy" },
    { name = "pygments" },
]
sdist = { url = "https://files.pythonhosted.org/packages/d1/db/7ef3487e0fb0049ddb5ce41d3a49c235bf9ad299b6a25d5780a89f19230f/pytest-9.0.2.tar.gz", hash = "sha256:75186651a92bd89611d1d9fc20f0b4345fd827c41ccd5c299a868a05d70edf11", size = 1568901, upload-time = "2025-12-06T21:30:51.014Z" }
wheels = [
    { url = "https://files.pythonhosted.org/packages/3b/ab/b3226f0bd7cdcf710fbede2b3548584366da3b19b5021e74f5bde2a8fa3f/pytest-9.0.2-py3-none-any.whl", hash = "sha256:711ffd45bf766d5264d487b917733b453d917afd2b0ad65223959f59089f875b", size = 374801, upload-time = "2025-12-06T21:30:49.154Z" },
]

[[package]]
name = "pytest-asyncio"
version = "1.3.0"
source = { registry = "https://pypi.org/simple" }
dependencies = [
    { name = "pytest" },
]
sdist = { url = "https://files.pythonhosted.org/packages/90/2c/8af215c0f776415f3590cac4f9086ccefd6fd463befeae41cd4d3f193e5a/pytest_asyncio-1.3.0.tar.gz", hash = "sha256:d7f52f36d231b80ee124cd216ffb19369aa168fc10095013c6b014a34d3ee9e5", size = 50087, upload-time = "2025-11-10T16:07:47.256Z" }
wheels = [
    { url = "https://files.pythonhosted.org/packages/e5/35/f8b19922b6a25bc0880171a2f1a003eaeb93657475193ab516fd87cac9da/pytest_asyncio-1.3.0-py3-none-any.whl", hash = "sha256:611e26147c7f77640e6d0a92a38ed17c3e9848063698d5c93d5aa7aa11cebff5", size = 15075, upload-time = "2025-11-10T16:07:45.537Z" },
]

[[package]]
name = "pytest-cov"
version = "7.1.0"
source = { registry = "https://pypi.org/simple" }
dependencies = [
    { name = "coverage" },
    { name = "pluggy" },
    { name = "pytest" },
]
sdist = { url = "https://files.pythonhosted.org/packages/b1/51/a849f96e117386044471c8ec2bd6cfebacda285da9525c9106aeb28da671/pytest_cov-7.1.0.tar.gz", hash = "sha256:30674f2b5f6351aa09702a9c8c364f6a01c27aae0c1366ae8016160d1efc56b2", size = 55592, upload-time = "2026-03-21T20:11:16.284Z" }
wheels = [
    { url = "https://files.pythonhosted.org/packages/9d/7a/d968e294073affff457b041c2be9868a40c1c71f4a35fcc1e45e5493067b/pytest_cov-7.1.0-py3-none-any.whl", hash = "sha256:a0461110b7865f9a271aa1b51e516c9a95de9d696734a2f71e3e78f46e1d4678", size = 22876, upload-time = "2026-03-21T20:11:14.438Z" },
]

[[package]]
name = "respx"
version = "0.22.0"
source = { registry = "https://pypi.org/simple" }
dependencies = [
    { name = "httpx" },
]
sdist = { url = "https://files.pythonhosted.org/packages/f4/7c/96bd0bc759cf009675ad1ee1f96535edcb11e9666b985717eb8c87192a95/respx-0.22.0.tar.gz", hash = "sha256:3c8924caa2a50bd71aefc07aa812f2466ff489f1848c96e954a5362d17095d91", size = 28439, upload-time = "2024-12-19T22:33:59.374Z" }
wheels = [
    { url = "https://files.pythonhosted.org/packages/8e/67/afbb0978d5399bc9ea200f1d4489a23c9a1dad4eee6376242b8182389c79/respx-0.22.0-py2.py3-none-any.whl", hash = "sha256:631128d4c9aba15e56903fb5f66fb1eff412ce28dd387ca3a81339e52dbd3ad0", size = 25127, upload-time = "2024-12-19T22:33:57.837Z" },
]

[[package]]
name = "ruff"
version = "0.15.9"
source = { registry = "https://pypi.org/simple" }
sdist = { url = "https://files.pythonhosted.org/packages/e6/97/e9f1ca355108ef7194e38c812ef40ba98c7208f47b13ad78d023caa583da/ruff-0.15.9.tar.gz", hash = "sha256:29cbb1255a9797903f6dde5ba0188c707907ff44a9006eb273b5a17bfa0739a2", size = 4617361, upload-time = "2026-04-02T18:17:20.829Z" }
wheels = [
    { url = "https://files.pythonhosted.org/packages/0b/1f/9cdfd0ac4b9d1e5a6cf09bedabdf0b56306ab5e333c85c87281273e7b041/ruff-0.15.9-py3-none-linux_armv6l.whl", hash = "sha256:6efbe303983441c51975c243e26dff328aca11f94b70992f35b093c2e71801e1", size = 10511206, upload-time = "2026-04-02T18:16:41.574Z" },
    { url = "https://files.pythonhosted.org/packages/3d/f6/32bfe3e9c136b35f02e489778d94384118bb80fd92c6d92e7ccd97db12ce/ruff-0.15.9-py3-none-macosx_10_12_x86_64.whl", hash = "sha256:4965bac6ac9ea86772f4e23587746f0b7a395eccabb823eb8bfacc3fa06069f7", size = 10923307, upload-time = "2026-04-02T18:17:08.645Z" },
    { url = "https://files.pythonhosted.org/packages/ca/25/de55f52ab5535d12e7aaba1de37a84be6179fb20bddcbe71ec091b4a3243/ruff-0.15.9-py3-none-macosx_11_0_arm64.whl", hash = "sha256:eaf05aad70ca5b5a0a4b0e080df3a6b699803916d88f006efd1f5b46302daab8", size = 10316722, upload-time = "2026-04-02T18:16:44.206Z" },
    { url = "https://files.pythonhosted.org/packages/48/11/690d75f3fd6278fe55fff7c9eb429c92d207e14b25d1cae4064a32677029/ruff-0.15.9-py3-none-manylinux_2_17_aarch64.manylinux2014_aarch64.whl", hash = "sha256:9439a342adb8725f32f92732e2bafb6d5246bd7a5021101166b223d312e8fc59", size = 10623674, upload-time = "2026-04-02T18:16:50.951Z" },
    { url = "https://files.pythonhosted.org/packages/bd/ec/176f6987be248fc5404199255522f57af1b4a5a1b57727e942479fec98ad/ruff-0.15.9-py3-none-manylinux_2_17_armv7l.manylinux2014_armv7l.whl", hash = "sha256:9c5e6faf9d97c8edc43877c3f406f47446fc48c40e1442d58cfcdaba2acea745", size = 10351516, upload-time = "2026-04-02T18:16:57.206Z" },
    { url = "https://files.pythonhosted.org/packages/b2/fc/51cffbd2b3f240accc380171d51446a32aa2ea43a40d4a45ada67368fbd2/ruff-0.15.9-py3-none-manylinux_2_17_i686.manylinux2014_i686.whl", hash = "sha256:7b34a9766aeec27a222373d0b055722900fbc0582b24f39661aa96f3fe6ad901", size = 11150202, upload-time = "2026-04-02T18:17:06.452Z" },
    { url = "https://files.pythonhosted.org/packages/d6/d4/25292a6dfc125f6b6528fe6af31f5e996e19bf73ca8e3ce6eb7fa5b95885/ruff-0.15.9-py3-none-manylinux_2_17_ppc64le.manylinux2014_ppc64le.whl", hash = "sha256:89dd695bc72ae76ff484ae54b7e8b0f6b50f49046e198355e44ea656e521fef9", size = 11988891, upload-time = "2026-04-02T18:17:18.575Z" },
    { url = "https://files.pythonhosted.org/packages/13/e1/1eebcb885c10e19f969dcb93d8413dfee8172578709d7ee933640f5e7147/ruff-0.15.9-py3-none-manylinux_2_17_s390x.manylinux2014_s390x.whl", hash = "sha256:ce187224ef1de1bd225bc9a152ac7102a6171107f026e81f317e4257052916d5", size = 11480576, upload-time = "2026-04-02T18:16:52.986Z" },
    { url = "https://files.pythonhosted.org/packages/ff/6b/a1548ac378a78332a4c3dcf4a134c2475a36d2a22ddfa272acd574140b50/ruff-0.15.9-py3-none-manylinux_2_17_x86_64.manylinux2014_x86_64.whl", hash = "sha256:2b0c7c341f68adb01c488c3b7d4b49aa8ea97409eae6462d860a79cf55f431b6", size = 11254525, upload-time = "2026-04-02T18:17:02.041Z" },
    { url = "https://files.pythonhosted.org/packages/42/aa/4bb3af8e61acd9b1281db2ab77e8b2c3c5e5599bf2a29d4a942f1c62b8d6/ruff-0.15.9-py3-none-manylinux_2_31_riscv64.whl", hash = "sha256:55cc15eee27dc0eebdfcb0d185a6153420efbedc15eb1d38fe5e685657b0f840", size = 11204072, upload-time = "2026-04-02T18:17:13.581Z" },
    { url = "https://files.pythonhosted.org/packages/69/48/d550dc2aa6e423ea0bcc1d0ff0699325ffe8a811e2dba156bd80750b86dc/ruff-0.15.9-py3-none-musllinux_1_2_aarch64.whl", hash = "sha256:a6537f6eed5cda688c81073d46ffdfb962a5f29ecb6f7e770b2dc920598997ed", size = 10594998, upload-time = "2026-04-02T18:16:46.369Z" },
    { url = "https://files.pythonhosted.org/packages/63/47/321167e17f5344ed5ec6b0aa2cff64efef5f9e985af8f5622cfa6536043f/ruff-0.15.9-py3-none-musllinux_1_2_armv7l.whl", hash = "sha256:6d3fcbca7388b066139c523bda744c822258ebdcfbba7d24410c3f454cc9af71", size = 10359769, upload-time = "2026-04-02T18:17:10.994Z" },
    { url = "https://files.pythonhosted.org/packages/67/5e/074f00b9785d1d2c6f8c22a21e023d0c2c1817838cfca4c8243200a1fa87/ruff-0.15.9-py3-none-musllinux_1_2_i686.whl", hash = "sha256:058d8e99e1bfe79d8a0def0b481c56059ee6716214f7e425d8e737e412d69677", size = 10850236, upload-time = "2026-04-02T18:16:48.749Z" },
    { url = "https://files.pythonhosted.org/packages/76/37/804c4135a2a2caf042925d30d5f68181bdbd4461fd0d7739da28305df593/ruff-0.15.9-py3-none-musllinux_1_2_x86_64.whl", hash = "sha256:8e1ddb11dbd61d5983fa2d7d6370ef3eb210951e443cace19594c01c72abab4c", size = 11358343, upload-time = "2026-04-02T18:16:55.068Z" },
    { url = "https://files.pythonhosted.org/packages/88/3d/1364fcde8656962782aa9ea93c92d98682b1ecec2f184e625a965ad3b4a6/ruff-0.15.9-py3-none-win32.whl", hash = "sha256:bde6ff36eaf72b700f32b7196088970bf8fdb2b917b7accd8c371bfc0fd573ec", size = 10583382, upload-time = "2026-04-02T18:17:04.261Z" },
    { url = "https://files.pythonhosted.org/packages/4c/56/5c7084299bd2cacaa07ae63a91c6f4ba66edc08bf28f356b24f6b717c799/ruff-0.15.9-py3-none-win_amd64.whl", hash = "sha256:45a70921b80e1c10cf0b734ef09421f71b5aa11d27404edc89d7e8a69505e43d", size = 11744969, upload-time = "2026-04-02T18:16:59.611Z" },
    { url = "https://files.pythonhosted.org/packages/03/36/76704c4f312257d6dbaae3c959add2a622f63fcca9d864659ce6d8d97d3d/ruff-0.15.9-py3-none-win_arm64.whl", hash = "sha256:0694e601c028fd97dc5c6ee244675bc241aeefced7ef80cd9c6935a871078f53", size = 11005870, upload-time = "2026-04-02T18:17:15.773Z" },
]

[[package]]
name = "ty"
version = "0.0.29"
source = { registry = "https://pypi.org/simple" }
sdist = { url = "https://files.pythonhosted.org/packages/47/d5/853561de49fae38c519e905b2d8da9c531219608f1fccc47a0fc2c896980/ty-0.0.29.tar.gz", hash = "sha256:e7936cca2f691eeda631876c92809688dbbab68687c3473f526cd83b6a9228d8", size = 5469221, upload-time = "2026-04-05T15:01:21.328Z" }
wheels = [
    { url = "https://files.pythonhosted.org/packages/03/b7/911f9962115acfa24e3b2ec9d4992dd994c38e8769e1b1d7680bb4d28a51/ty-0.0.29-py3-none-linux_armv6l.whl", hash = "sha256:b8a40955f7660d3eaceb0d964affc81b790c0765e7052921a5f861ff8a471c30", size = 10568206, upload-time = "2026-04-05T15:01:19.165Z" },
    { url = "https://files.pythonhosted.org/packages/fe/c3/fcae2167d4c77a97269f92f11d1b43b03617f81de1283d5d05b43432110c/ty-0.0.29-py3-none-macosx_10_12_x86_64.whl", hash = "sha256:6b6849adae15b00bbe2d3c5b078967dcb62eba37d38936b8eeb4c81a82d2e3b8", size = 10442530, upload-time = "2026-04-05T15:01:28.471Z" },
    { url = "https://files.pythonhosted.org/packages/97/33/5a6bfa240cfcb9c36046ae2459fa9ea23238d20130d8656ff5ac4d6c012a/ty-0.0.29-py3-none-macosx_11_0_arm64.whl", hash = "sha256:dcdd9b17209788152f7b7ea815eda07989152325052fe690013537cc7904ce49", size = 9915735, upload-time = "2026-04-05T15:01:10.365Z" },
    { url = "https://files.pythonhosted.org/packages/b3/1e/318f45fae232118e81a6306c30f50de42c509c412128d5bd231eab699ffb/ty-0.0.29-py3-none-manylinux_2_17_aarch64.manylinux2014_aarch64.whl", hash = "sha256:9d8ed4789bae78ffaf94462c0d25589a734cab0366b86f2bbcb1bb90e1a7a169", size = 10419748, upload-time = "2026-04-05T15:01:32.375Z" },
    { url = "https://files.pythonhosted.org/packages/a9/a8/5687872e2ab5a0f7dd4fd8456eac31e9381ad4dc74961f6f29965ad4dd91/ty-0.0.29-py3-none-manylinux_2_17_armv7l.manylinux2014_armv7l.whl", hash = "sha256:91ec374b8565e0ad0900011c24641ebbef2da51adbd4fb69ff3280c8a7eceb02", size = 10394738, upload-time = "2026-04-05T15:01:06.473Z" },
    { url = "https://files.pythonhosted.org/packages/de/68/015d118097eeb95e6a44c4abce4c0a28b7b9dfb3085b7f0ee48e4f099633/ty-0.0.29-py3-none-manylinux_2_17_i686.manylinux2014_i686.whl", hash = "sha256:298a8d5faa2502d3810bbbb47a030b9455495b9921594206043c785dd61548cf", size = 10910613, upload-time = "2026-04-05T15:01:17.17Z" },
    { url = "https://files.pythonhosted.org/packages/1c/01/47ce3c6c53e0670eadbe80756b167bf80ed6681d1ba57cfde2e8065a13d1/ty-0.0.29-py3-none-manylinux_2_17_ppc64le.manylinux2014_ppc64le.whl", hash = "sha256:3c8fba1a3524c6109d1e020d92301c79d41bf442fa8d335b9fa366239339cb70", size = 11475750, upload-time = "2026-04-05T15:01:30.461Z" },
    { url = "https://files.pythonhosted.org/packages/c4/cf/e361845b1081c9264ad5b7c963231bab03f2666865a9f2a115c4233f2137/ty-0.0.29-py3-none-manylinux_2_17_s390x.manylinux2014_s390x.whl", hash = "sha256:4c48adf88a70d264128c39ee922ed14a947817fced1e93c08c1a89c9244edcde", size = 11190055, upload-time = "2026-04-05T15:01:12.369Z" },
    { url = "https://files.pythonhosted.org/packages/79/12/0fb0857e9a62cb11586e9a712103877bbf717f5fb570d16634408cfdefee/ty-0.0.29-py3-none-manylinux_2_17_x86_64.manylinux2014_x86_64.whl", hash = "sha256:2ce0a7a0e96bc7b42518cd3a1a6a6298ef64ff40ca4614355c1aa807059b5c6f", size = 11020539, upload-time = "2026-04-05T15:01:37.022Z" },
    { url = "https://files.pythonhosted.org/packages/20/36/5a26753802083f80cd125db6c4348ad42b3c982ec36e718e0bf4c18f75e5/ty-0.0.29-py3-none-musllinux_1_2_aarch64.whl", hash = "sha256:a6ac86a05b4a3731d45365ab97780acc7b8146fa62fccb3cbe94fe6546c67a97", size = 10396399, upload-time = "2026-04-05T15:01:26.167Z" },
    { url = "https://files.pythonhosted.org/packages/00/e6/b4e75b5752239ab3ab400f19faef4dbef81d05aab5d3419fda0c062a3765/ty-0.0.29-py3-none-musllinux_1_2_armv7l.whl", hash = "sha256:6bbbf53141af0f3150bf288d716263f1a3550054e4b3551ca866d38192ba9891", size = 10421461, upload-time = "2026-04-05T15:01:08.367Z" },
    { url = "https://files.pythonhosted.org/packages/c0/21/1084b5b609f9abed62070ec0b31c283a403832a6310c8bbc208bd45ee1e6/ty-0.0.29-py3-none-musllinux_1_2_i686.whl", hash = "sha256:1c9e06b770c1d0ff5efc51e34312390db31d53fcf3088163f413030b42b74f84", size = 10599187, upload-time = "2026-04-05T15:01:23.52Z" },
    { url = "https://files.pythonhosted.org/packages/ab/a1/ce19a2ca717bbcc1ee11378aba52ef70b6ce5b87245162a729d9fdc2360f/ty-0.0.29-py3-none-musllinux_1_2_x86_64.whl", hash = "sha256:0307fe37e3f000ef1a4ae230bbaf511508a78d24a5e51b40902a21b09d5e6037", size = 11121198, upload-time = "2026-04-05T15:01:15.22Z" },
    { url = "https://files.pythonhosted.org/packages/6b/6b/f1430b279af704321566ce7ec2725d3d8258c2f815ebd93e474c64cd4543/ty-0.0.29-py3-none-win32.whl", hash = "sha256:7a2a898217960a825f8bc0087e1fdbaf379606175e98f9807187221d53a4a8ed", size = 9995331, upload-time = "2026-04-05T15:01:01.32Z" },
    { url = "https://files.pythonhosted.org/packages/d2/ef/3ef01c17785ff9a69378465c7d0faccd48a07b163554db0995e5d65a5a23/ty-0.0.29-py3-none-win_amd64.whl", hash = "sha256:fc1294200226b91615acbf34e0a9ad81caf98c081e9c6a912a31b0a7b603bc3f", size = 11023644, upload-time = "2026-04-05T15:01:04.432Z" },
    { url = "https://files.pythonhosted.org/packages/2c/55/87280a994d6a2d2647c65e12abbc997ed49835794366153c04c4d9304d76/ty-0.0.29-py3-none-win_arm64.whl", hash = "sha256:f9794bbd1bb3ce13f78c191d0c89ae4c63f52c12b6daa0c6fe220b90d019d12c", size = 10428165, upload-time = "2026-04-05T15:01:34.665Z" },
]
